PODS:
  - SwiftyCryptoNew (0.0.2)

DEPENDENCIES:
  - SwiftyCryptoNew (~> 0.0.2)

SPEC REPOS:
  https://github.com/CocoaPods/Specs.git:
    - SwiftyCryptoNew

SPEC CHECKSUMS:
  SwiftyCryptoNew: 4de16aa60dda9f5b8472cd3f9176a609dab6a32d

PODFILE CHECKSUM: 60258afd34cf36c874e9942a009dfe97155c387b

COCOAPODS: 1.11.3
