PODS:
  - SwiftyCrypto (0.0.2)

DEPENDENCIES:
  - SwiftyCrypto (from `https://github.com/vizllx/SwiftyCrypto`, tag `0.0.2`)

EXTERNAL SOURCES:
  SwiftyCrypto:
    :git: https://github.com/vizllx/SwiftyCrypto
    :tag: 0.0.2

CHECKOUT OPTIONS:
  SwiftyCrypto:
    :git: https://github.com/vizllx/SwiftyCrypto
    :tag: 0.0.2

SPEC CHECKSUMS:
  SwiftyCrypto: 6be003c9fb5e08a6eaa1a9778a6e8370a660e0b5

PODFILE CHECKSUM: 931a85d2acdd7eab8a9c8e3c0d480f56a7b587e8

COCOAPODS: 1.11.3
